
Microsoft Visual Studio Solution File, Format Version 12.00
# Visual Studio Version 17
VisualStudioVersion = 17.0.31903.59
MinimumVisualStudioVersion = 10.0.40219.1
Project("{2150E333-8FDC-42A3-9474-1A3956D46DE8}") = "src", "src", "{827E0CD3-B72D-47B6-A68D-7590B98EB39B}"
EndProject
Project("{2150E333-8FDC-42A3-9474-1A3956D46DE8}") = "BuildingBlocks", "BuildingBlocks", "{90298CBA-BD6F-3A0A-69D5-97CAD7B05E7E}"
EndProject
Project("{FAE04EC0-301F-11D3-BF4B-00C04F79EFBC}") = "ECommerce.Contracts", "src\BuildingBlocks\ECommerce.Contracts\ECommerce.Contracts.csproj", "{AA50FD02-CCFF-49C5-88EF-3E3D61AC1EC3}"
EndProject
Project("{FAE04EC0-301F-11D3-BF4B-00C04F79EFBC}") = "ECommerce.ServiceDefaults", "src\BuildingBlocks\ECommerce.ServiceDefaults\ECommerce.ServiceDefaults.csproj", "{74D704CF-7D05-4F44-9E1B-E26400482DF5}"
EndProject
Project("{2150E333-8FDC-42A3-9474-1A3956D46DE8}") = "Gateways", "Gateways", "{CBE535C5-B51A-60E9-4D99-AC1BFAA908A1}"
EndProject
Project("{FAE04EC0-301F-11D3-BF4B-00C04F79EFBC}") = "ECommerce.Gateway", "src\Gateways\ECommerce.Gateway\ECommerce.Gateway.csproj", "{5440AA58-DA64-4F25-88CE-01753BBDDB75}"
EndProject
Project("{2150E333-8FDC-42A3-9474-1A3956D46DE8}") = "Orchestration", "Orchestration", "{8B260A08-A83E-5A86-27DB-EBC08B683631}"
EndProject
Project("{FAE04EC0-301F-11D3-BF4B-00C04F79EFBC}") = "ECommerce.AppHost", "src\Orchestration\ECommerce.AppHost\ECommerce.AppHost.csproj", "{A13B7444-8C8B-450B-A547-CF586B2767AE}"
EndProject
Project("{2150E333-8FDC-42A3-9474-1A3956D46DE8}") = "Services", "Services", "{984BB9B3-3FA3-BE33-9484-CAC21695A33C}"
EndProject
Project("{2150E333-8FDC-42A3-9474-1A3956D46DE8}") = "Fulfillment", "Fulfillment", "{0194355B-C2D2-F4B0-B2EC-67C0A47B9BA5}"
EndProject
Project("{FAE04EC0-301F-11D3-BF4B-00C04F79EFBC}") = "Fulfillment.Api", "src\Services\Fulfillment\Fulfillment.Api\Fulfillment.Api.csproj", "{E14CC9A3-01A8-44DD-9092-D416D70B57C7}"
EndProject
Project("{FAE04EC0-301F-11D3-BF4B-00C04F79EFBC}") = "Fulfillment.Application", "src\Services\Fulfillment\Fulfillment.Application\Fulfillment.Application.csproj", "{530C5AE5-2E47-4207-95FF-E859592C067C}"
EndProject
Project("{FAE04EC0-301F-11D3-BF4B-00C04F79EFBC}") = "Fulfillment.Domain", "src\Services\Fulfillment\Fulfillment.Domain\Fulfillment.Domain.csproj", "{08170089-9314-430C-8F96-B68875CA1D41}"
EndProject
Project("{FAE04EC0-301F-11D3-BF4B-00C04F79EFBC}") = "Fulfillment.Infrastructure", "src\Services\Fulfillment\Fulfillment.Infrastructure\Fulfillment.Infrastructure.csproj", "{D3B03924-5C18-499C-9CFC-014B1A316A64}"
EndProject
Project("{2150E333-8FDC-42A3-9474-1A3956D46DE8}") = "Inventory", "Inventory", "{CA15E31E-CB60-F235-5CDF-2E527A86A72C}"
EndProject
Project("{FAE04EC0-301F-11D3-BF4B-00C04F79EFBC}") = "Inventory.Api", "src\Services\Inventory\Inventory.Api\Inventory.Api.csproj", "{AD564323-CB0B-4796-B0E8-4D824C072D53}"
EndProject
Project("{FAE04EC0-301F-11D3-BF4B-00C04F79EFBC}") = "Inventory.Application", "src\Services\Inventory\Inventory.Application\Inventory.Application.csproj", "{0453EADB-9477-4A21-AB82-247D08B18AF6}"
EndProject
Project("{FAE04EC0-301F-11D3-BF4B-00C04F79EFBC}") = "Inventory.Domain", "src\Services\Inventory\Inventory.Domain\Inventory.Domain.csproj", "{296186D0-7D38-47C5-98B0-E30DDCD0CF06}"
EndProject
Project("{FAE04EC0-301F-11D3-BF4B-00C04F79EFBC}") = "Inventory.Infrastructure", "src\Services\Inventory\Inventory.Infrastructure\Inventory.Infrastructure.csproj", "{71FE7671-731C-4FEB-867D-5A26D9272CB7}"
EndProject
Project("{2150E333-8FDC-42A3-9474-1A3956D46DE8}") = "Ordering", "Ordering", "{D3BAB01C-7F3F-8576-96BE-8BE70C9B9915}"
EndProject
Project("{FAE04EC0-301F-11D3-BF4B-00C04F79EFBC}") = "Ordering.Api", "src\Services\Ordering\Ordering.Api\Ordering.Api.csproj", "{FB453D9D-CF23-46AD-A382-23E83465800A}"
EndProject
Project("{FAE04EC0-301F-11D3-BF4B-00C04F79EFBC}") = "Ordering.Application", "src\Services\Ordering\Ordering.Application\Ordering.Application.csproj", "{592F0CA1-8C2B-4D53-8CEA-B53646436F37}"
EndProject
Project("{FAE04EC0-301F-11D3-BF4B-00C04F79EFBC}") = "Ordering.Domain", "src\Services\Ordering\Ordering.Domain\Ordering.Domain.csproj", "{3C0C83D3-C133-41BF-9B1E-D49FEA96C825}"
EndProject
Project("{FAE04EC0-301F-11D3-BF4B-00C04F79EFBC}") = "Ordering.Infrastructure", "src\Services\Ordering\Ordering.Infrastructure\Ordering.Infrastructure.csproj", "{6FCACA24-D84C-435D-98CD-D5480E59DE52}"
EndProject
Project("{2150E333-8FDC-42A3-9474-1A3956D46DE8}") = "Payments", "Payments", "{5D0AC027-C8EE-3244-A029-36278C99F1B8}"
EndProject
Project("{FAE04EC0-301F-11D3-BF4B-00C04F79EFBC}") = "Payments.Api", "src\Services\Payments\Payments.Api\Payments.Api.csproj", "{C89368F0-63BB-413B-9BC2-C26523007524}"
EndProject
Project("{FAE04EC0-301F-11D3-BF4B-00C04F79EFBC}") = "Payments.Application", "src\Services\Payments\Payments.Application\Payments.Application.csproj", "{93A8CECA-1B3F-4556-8203-1BE1F29163D8}"
EndProject
Project("{FAE04EC0-301F-11D3-BF4B-00C04F79EFBC}") = "Payments.Domain", "src\Services\Payments\Payments.Domain\Payments.Domain.csproj", "{75FA0187-3A60-4959-9C0D-51192272CF6A}"
EndProject
Project("{FAE04EC0-301F-11D3-BF4B-00C04F79EFBC}") = "Payments.Infrastructure", "src\Services\Payments\Payments.Infrastructure\Payments.Infrastructure.csproj", "{C9921326-C958-4B59-9001-39983DB3F043}"
EndProject
Project("{2150E333-8FDC-42A3-9474-1A3956D46DE8}") = "tests", "tests", "{0AB3BF05-4346-4AA6-1389-037BE0695223}"
EndProject
Project("{FAE04EC0-301F-11D3-BF4B-00C04F79EFBC}") = "ECommerce.IntegrationTests", "tests\ECommerce.IntegrationTests\ECommerce.IntegrationTests.csproj", "{1807B62E-40FB-4474-8873-799648F6A51F}"
EndProject
Project("{FAE04EC0-301F-11D3-BF4B-00C04F79EFBC}") = "Ordering.UnitTests", "tests\Ordering.UnitTests\Ordering.UnitTests.csproj", "{35178EC5-60BD-4C61-A49E-C93ECA65345D}"
EndProject
Project("{FAE04EC0-301F-11D3-BF4B-00C04F79EFBC}") = "Inventory.UnitTests", "tests\Inventory.UnitTests\Inventory.UnitTests.csproj", "{B3A779BD-4E13-4122-8217-5E242FEBAF94}"
EndProject
Project("{FAE04EC0-301F-11D3-BF4B-00C04F79EFBC}") = "Payments.UnitTests", "tests\Payments.UnitTests\Payments.UnitTests.csproj", "{A428BB52-A92A-4227-B8A8-47E8720B7FA1}"
EndProject
Project("{FAE04EC0-301F-11D3-BF4B-00C04F79EFBC}") = "Fulfillment.UnitTests", "tests\Fulfillment.UnitTests\Fulfillment.UnitTests.csproj", "{EC8A2280-19A4-43A2-83EA-A2225038A234}"
EndProject
Project("{FAE04EC0-301F-11D3-BF4B-00C04F79EFBC}") = "ECommerce.ContractTests", "tests\ECommerce.ContractTests\ECommerce.ContractTests.csproj", "{20A788EC-77D4-4336-AB38-C5F85FF2916B}"
EndProject
Project("{2150E333-8FDC-42A3-9474-1A3956D46DE8}") = "Auditing", "Auditing", "{DC6F9795-30FC-95C7-F04A-414572770EC8}"
EndProject
Project("{FAE04EC0-301F-11D3-BF4B-00C04F79EFBC}") = "Auditing.Api", "src\Services\Auditing\Auditing.Api\Auditing.Api.csproj", "{B2889456-EED2-42C1-8A92-0C94F772BD6F}"
EndProject
Project("{FAE04EC0-301F-11D3-BF4B-00C04F79EFBC}") = "ECommerce.Auditing", "src\BuildingBlocks\ECommerce.Auditing\ECommerce.Auditing.csproj", "{18B29CF9-249C-44CD-B4BB-A8DA3DEB810A}"
EndProject
Global
	GlobalSection(SolutionConfigurationPlatforms) = preSolution
		Debug|Any CPU = Debug|Any CPU
		Debug|x64 = Debug|x64
		Debug|x86 = Debug|x86
		Release|Any CPU = Release|Any CPU
		Release|x64 = Release|x64
		Release|x86 = Release|x86
	EndGlobalSection
	GlobalSection(ProjectConfigurationPlatforms) = postSolution
		{AA50FD02-CCFF-49C5-88EF-3E3D61AC1EC3}.Debug|Any CPU.ActiveCfg = Debug|Any CPU
		{AA50FD02-CCFF-49C5-88EF-3E3D61AC1EC3}.Debug|Any CPU.Build.0 = Debug|Any CPU
		{AA50FD02-CCFF-49C5-88EF-3E3D61AC1EC3}.Debug|x64.ActiveCfg = Debug|Any CPU
		{AA50FD02-CCFF-49C5-88EF-3E3D61AC1EC3}.Debug|x64.Build.0 = Debug|Any CPU
		{AA50FD02-CCFF-49C5-88EF-3E3D61AC1EC3}.Debug|x86.ActiveCfg = Debug|Any CPU
		{AA50FD02-CCFF-49C5-88EF-3E3D61AC1EC3}.Debug|x86.Build.0 = Debug|Any CPU
		{AA50FD02-CCFF-49C5-88EF-3E3D61AC1EC3}.Release|Any CPU.ActiveCfg = Release|Any CPU
		{AA50FD02-CCFF-49C5-88EF-3E3D61AC1EC3}.Release|Any CPU.Build.0 = Release|Any CPU
		{AA50FD02-CCFF-49C5-88EF-3E3D61AC1EC3}.Release|x64.ActiveCfg = Release|Any CPU
		{AA50FD02-CCFF-49C5-88EF-3E3D61AC1EC3}.Release|x64.Build.0 = Release|Any CPU
		{AA50FD02-CCFF-49C5-88EF-3E3D61AC1EC3}.Release|x86.ActiveCfg = Release|Any CPU
		{AA50FD02-CCFF-49C5-88EF-3E3D61AC1EC3}.Release|x86.Build.0 = Release|Any CPU
		{74D704CF-7D05-4F44-9E1B-E26400482DF5}.Debug|Any CPU.ActiveCfg = Debug|Any CPU
		{74D704CF-7D05-4F44-9E1B-E26400482DF5}.Debug|Any CPU.Build.0 = Debug|Any CPU
		{74D704CF-7D05-4F44-9E1B-E26400482DF5}.Debug|x64.ActiveCfg = Debug|Any CPU
		{74D704CF-7D05-4F44-9E1B-E26400482DF5}.Debug|x64.Build.0 = Debug|Any CPU
		{74D704CF-7D05-4F44-9E1B-E26400482DF5}.Debug|x86.ActiveCfg = Debug|Any CPU
		{74D704CF-7D05-4F44-9E1B-E26400482DF5}.Debug|x86.Build.0 = Debug|Any CPU
		{74D704CF-7D05-4F44-9E1B-E26400482DF5}.Release|Any CPU.ActiveCfg = Release|Any CPU
		{74D704CF-7D05-4F44-9E1B-E26400482DF5}.Release|Any CPU.Build.0 = Release|Any CPU
		{74D704CF-7D05-4F44-9E1B-E26400482DF5}.Release|x64.ActiveCfg = Release|Any CPU
		{74D704CF-7D05-4F44-9E1B-E26400482DF5}.Release|x64.Build.0 = Release|Any CPU
		{74D704CF-7D05-4F44-9E1B-E26400482DF5}.Release|x86.ActiveCfg = Release|Any CPU
		{74D704CF-7D05-4F44-9E1B-E26400482DF5}.Release|x86.Build.0 = Release|Any CPU
		{5440AA58-DA64-4F25-88CE-01753BBDDB75}.Debug|Any CPU.ActiveCfg = Debug|Any CPU
		{5440AA58-DA64-4F25-88CE-01753BBDDB75}.Debug|Any CPU.Build.0 = Debug|Any CPU
		{5440AA58-DA64-4F25-88CE-01753BBDDB75}.Debug|x64.ActiveCfg = Debug|Any CPU
		{5440AA58-DA64-4F25-88CE-01753BBDDB75}.Debug|x64.Build.0 = Debug|Any CPU
		{5440AA58-DA64-4F25-88CE-01753BBDDB75}.Debug|x86.ActiveCfg = Debug|Any CPU
		{5440AA58-DA64-4F25-88CE-01753BBDDB75}.Debug|x86.Build.0 = Debug|Any CPU
		{5440AA58-DA64-4F25-88CE-01753BBDDB75}.Release|Any CPU.ActiveCfg = Release|Any CPU
		{5440AA58-DA64-4F25-88CE-01753BBDDB75}.Release|Any CPU.Build.0 = Release|Any CPU
		{5440AA58-DA64-4F25-88CE-01753BBDDB75}.Release|x64.ActiveCfg = Release|Any CPU
		{5440AA58-DA64-4F25-88CE-01753BBDDB75}.Release|x64.Build.0 = Release|Any CPU
		{5440AA58-DA64-4F25-88CE-01753BBDDB75}.Release|x86.ActiveCfg = Release|Any CPU
		{5440AA58-DA64-4F25-88CE-01753BBDDB75}.Release|x86.Build.0 = Release|Any CPU
		{A13B7444-8C8B-450B-A547-CF586B2767AE}.Debug|Any CPU.ActiveCfg = Debug|Any CPU
		{A13B7444-8C8B-450B-A547-CF586B2767AE}.Debug|Any CPU.Build.0 = Debug|Any CPU
		{A13B7444-8C8B-450B-A547-CF586B2767AE}.Debug|x64.ActiveCfg = Debug|Any CPU
		{A13B7444-8C8B-450B-A547-CF586B2767AE}.Debug|x64.Build.0 = Debug|Any CPU
		{A13B7444-8C8B-450B-A547-CF586B2767AE}.Debug|x86.ActiveCfg = Debug|Any CPU
		{A13B7444-8C8B-450B-A547-CF586B2767AE}.Debug|x86.Build.0 = Debug|Any CPU
		{A13B7444-8C8B-450B-A547-CF586B2767AE}.Release|Any CPU.ActiveCfg = Release|Any CPU
		{A13B7444-8C8B-450B-A547-CF586B2767AE}.Release|Any CPU.Build.0 = Release|Any CPU
		{A13B7444-8C8B-450B-A547-CF586B2767AE}.Release|x64.ActiveCfg = Release|Any CPU
		{A13B7444-8C8B-450B-A547-CF586B2767AE}.Release|x64.Build.0 = Release|Any CPU
		{A13B7444-8C8B-450B-A547-CF586B2767AE}.Release|x86.ActiveCfg = Release|Any CPU
		{A13B7444-8C8B-450B-A547-CF586B2767AE}.Release|x86.Build.0 = Release|Any CPU
		{E14CC9A3-01A8-44DD-9092-D416D70B57C7}.Debug|Any CPU.ActiveCfg = Debug|Any CPU
		{E14CC9A3-01A8-44DD-9092-D416D70B57C7}.Debug|Any CPU.Build.0 = Debug|Any CPU
		{E14CC9A3-01A8-44DD-9092-D416D70B57C7}.Debug|x64.ActiveCfg = Debug|Any CPU
		{E14CC9A3-01A8-44DD-9092-D416D70B57C7}.Debug|x64.Build.0 = Debug|Any CPU
		{E14CC9A3-01A8-44DD-9092-D416D70B57C7}.Debug|x86.ActiveCfg = Debug|Any CPU
		{E14CC9A3-01A8-44DD-9092-D416D70B57C7}.Debug|x86.Build.0 = Debug|Any CPU
		{E14CC9A3-01A8-44DD-9092-D416D70B57C7}.Release|Any CPU.ActiveCfg = Release|Any CPU
		{E14CC9A3-01A8-44DD-9092-D416D70B57C7}.Release|Any CPU.Build.0 = Release|Any CPU
		{E14CC9A3-01A8-44DD-9092-D416D70B57C7}.Release|x64.ActiveCfg = Release|Any CPU
		{E14CC9A3-01A8-44DD-9092-D416D70B57C7}.Release|x64.Build.0 = Release|Any CPU
		{E14CC9A3-01A8-44DD-9092-D416D70B57C7}.Release|x86.ActiveCfg = Release|Any CPU
		{E14CC9A3-01A8-44DD-9092-D416D70B57C7}.Release|x86.Build.0 = Release|Any CPU
		{530C5AE5-2E47-4207-95FF-E859592C067C}.Debug|Any CPU.ActiveCfg = Debug|Any CPU
		{530C5AE5-2E47-4207-95FF-E859592C067C}.Debug|Any CPU.Build.0 = Debug|Any CPU
		{530C5AE5-2E47-4207-95FF-E859592C067C}.Debug|x64.ActiveCfg = Debug|Any CPU
		{530C5AE5-2E47-4207-95FF-E859592C067C}.Debug|x64.Build.0 = Debug|Any CPU
		{530C5AE5-2E47-4207-95FF-E859592C067C}.Debug|x86.ActiveCfg = Debug|Any CPU
		{530C5AE5-2E47-4207-95FF-E859592C067C}.Debug|x86.Build.0 = Debug|Any CPU
		{530C5AE5-2E47-4207-95FF-E859592C067C}.Release|Any CPU.ActiveCfg = Release|Any CPU
		{530C5AE5-2E47-4207-95FF-E859592C067C}.Release|Any CPU.Build.0 = Release|Any CPU
		{530C5AE5-2E47-4207-95FF-E859592C067C}.Release|x64.ActiveCfg = Release|Any CPU
		{530C5AE5-2E47-4207-95FF-E859592C067C}.Release|x64.Build.0 = Release|Any CPU
		{530C5AE5-2E47-4207-95FF-E859592C067C}.Release|x86.ActiveCfg = Release|Any CPU
		{530C5AE5-2E47-4207-95FF-E859592C067C}.Release|x86.Build.0 = Release|Any CPU
		{08170089-9314-430C-8F96-B68875CA1D41}.Debug|Any CPU.ActiveCfg = Debug|Any CPU
		{08170089-9314-430C-8F96-B68875CA1D41}.Debug|Any CPU.Build.0 = Debug|Any CPU
		{08170089-9314-430C-8F96-B68875CA1D41}.Debug|x64.ActiveCfg = Debug|Any CPU
		{08170089-9314-430C-8F96-B68875CA1D41}.Debug|x64.Build.0 = Debug|Any CPU
		{08170089-9314-430C-8F96-B68875CA1D41}.Debug|x86.ActiveCfg = Debug|Any CPU
		{08170089-9314-430C-8F96-B68875CA1D41}.Debug|x86.Build.0 = Debug|Any CPU
		{08170089-9314-430C-8F96-B68875CA1D41}.Release|Any CPU.ActiveCfg = Release|Any CPU
		{08170089-9314-430C-8F96-B68875CA1D41}.Release|Any CPU.Build.0 = Release|Any CPU
		{08170089-9314-430C-8F96-B68875CA1D41}.Release|x64.ActiveCfg = Release|Any CPU
		{08170089-9314-430C-8F96-B68875CA1D41}.Release|x64.Build.0 = Release|Any CPU
		{08170089-9314-430C-8F96-B68875CA1D41}.Release|x86.ActiveCfg = Release|Any CPU
		{08170089-9314-430C-8F96-B68875CA1D41}.Release|x86.Build.0 = Release|Any CPU
		{D3B03924-5C18-499C-9CFC-014B1A316A64}.Debug|Any CPU.ActiveCfg = Debug|Any CPU
		{D3B03924-5C18-499C-9CFC-014B1A316A64}.Debug|Any CPU.Build.0 = Debug|Any CPU
		{D3B03924-5C18-499C-9CFC-014B1A316A64}.Debug|x64.ActiveCfg = Debug|Any CPU
		{D3B03924-5C18-499C-9CFC-014B1A316A64}.Debug|x64.Build.0 = Debug|Any CPU
		{D3B03924-5C18-499C-9CFC-014B1A316A64}.Debug|x86.ActiveCfg = Debug|Any CPU
		{D3B03924-5C18-499C-9CFC-014B1A316A64}.Debug|x86.Build.0 = Debug|Any CPU
		{D3B03924-5C18-499C-9CFC-014B1A316A64}.Release|Any CPU.ActiveCfg = Release|Any CPU
		{D3B03924-5C18-499C-9CFC-014B1A316A64}.Release|Any CPU.Build.0 = Release|Any CPU
		{D3B03924-5C18-499C-9CFC-014B1A316A64}.Release|x64.ActiveCfg = Release|Any CPU
		{D3B03924-5C18-499C-9CFC-014B1A316A64}.Release|x64.Build.0 = Release|Any CPU
		{D3B03924-5C18-499C-9CFC-014B1A316A64}.Release|x86.ActiveCfg = Release|Any CPU
		{D3B03924-5C18-499C-9CFC-014B1A316A64}.Release|x86.Build.0 = Release|Any CPU
		{AD564323-CB0B-4796-B0E8-4D824C072D53}.Debug|Any CPU.ActiveCfg = Debug|Any CPU
		{AD564323-CB0B-4796-B0E8-4D824C072D53}.Debug|Any CPU.Build.0 = Debug|Any CPU
		{AD564323-CB0B-4796-B0E8-4D824C072D53}.Debug|x64.ActiveCfg = Debug|Any CPU
		{AD564323-CB0B-4796-B0E8-4D824C072D53}.Debug|x64.Build.0 = Debug|Any CPU
		{AD564323-CB0B-4796-B0E8-4D824C072D53}.Debug|x86.ActiveCfg = Debug|Any CPU
		{AD564323-CB0B-4796-B0E8-4D824C072D53}.Debug|x86.Build.0 = Debug|Any CPU
		{AD564323-CB0B-4796-B0E8-4D824C072D53}.Release|Any CPU.ActiveCfg = Release|Any CPU
		{AD564323-CB0B-4796-B0E8-4D824C072D53}.Release|Any CPU.Build.0 = Release|Any CPU
		{AD564323-CB0B-4796-B0E8-4D824C072D53}.Release|x64.ActiveCfg = Release|Any CPU
		{AD564323-CB0B-4796-B0E8-4D824C072D53}.Release|x64.Build.0 = Release|Any CPU
		{AD564323-CB0B-4796-B0E8-4D824C072D53}.Release|x86.ActiveCfg = Release|Any CPU
		{AD564323-CB0B-4796-B0E8-4D824C072D53}.Release|x86.Build.0 = Release|Any CPU
		{0453EADB-9477-4A21-AB82-247D08B18AF6}.Debug|Any CPU.ActiveCfg = Debug|Any CPU
		{0453EADB-9477-4A21-AB82-247D08B18AF6}.Debug|Any CPU.Build.0 = Debug|Any CPU
		{0453EADB-9477-4A21-AB82-247D08B18AF6}.Debug|x64.ActiveCfg = Debug|Any CPU
		{0453EADB-9477-4A21-AB82-247D08B18AF6}.Debug|x64.Build.0 = Debug|Any CPU
		{0453EADB-9477-4A21-AB82-247D08B18AF6}.Debug|x86.ActiveCfg = Debug|Any CPU
		{0453EADB-9477-4A21-AB82-247D08B18AF6}.Debug|x86.Build.0 = Debug|Any CPU
		{0453EADB-9477-4A21-AB82-247D08B18AF6}.Release|Any CPU.ActiveCfg = Release|Any CPU
		{0453EADB-9477-4A21-AB82-247D08B18AF6}.Release|Any CPU.Build.0 = Release|Any CPU
		{0453EADB-9477-4A21-AB82-247D08B18AF6}.Release|x64.ActiveCfg = Release|Any CPU
		{0453EADB-9477-4A21-AB82-247D08B18AF6}.Release|x64.Build.0 = Release|Any CPU
		{0453EADB-9477-4A21-AB82-247D08B18AF6}.Release|x86.ActiveCfg = Release|Any CPU
		{0453EADB-9477-4A21-AB82-247D08B18AF6}.Release|x86.Build.0 = Release|Any CPU
		{296186D0-7D38-47C5-98B0-E30DDCD0CF06}.Debug|Any CPU.ActiveCfg = Debug|Any CPU
		{296186D0-7D38-47C5-98B0-E30DDCD0CF06}.Debug|Any CPU.Build.0 = Debug|Any CPU
		{296186D0-7D38-47C5-98B0-E30DDCD0CF06}.Debug|x64.ActiveCfg = Debug|Any CPU
		{296186D0-7D38-47C5-98B0-E30DDCD0CF06}.Debug|x64.Build.0 = Debug|Any CPU
		{296186D0-7D38-47C5-98B0-E30DDCD0CF06}.Debug|x86.ActiveCfg = Debug|Any CPU
		{296186D0-7D38-47C5-98B0-E30DDCD0CF06}.Debug|x86.Build.0 = Debug|Any CPU
		{296186D0-7D38-47C5-98B0-E30DDCD0CF06}.Release|Any CPU.ActiveCfg = Release|Any CPU
		{296186D0-7D38-47C5-98B0-E30DDCD0CF06}.Release|Any CPU.Build.0 = Release|Any CPU
		{296186D0-7D38-47C5-98B0-E30DDCD0CF06}.Release|x64.ActiveCfg = Release|Any CPU
		{296186D0-7D38-47C5-98B0-E30DDCD0CF06}.Release|x64.Build.0 = Release|Any CPU
		{296186D0-7D38-47C5-98B0-E30DDCD0CF06}.Release|x86.ActiveCfg = Release|Any CPU
		{296186D0-7D38-47C5-98B0-E30DDCD0CF06}.Release|x86.Build.0 = Release|Any CPU
		{71FE7671-731C-4FEB-867D-5A26D9272CB7}.Debug|Any CPU.ActiveCfg = Debug|Any CPU
		{71FE7671-731C-4FEB-867D-5A26D9272CB7}.Debug|Any CPU.Build.0 = Debug|Any CPU
		{71FE7671-731C-4FEB-867D-5A26D9272CB7}.Debug|x64.ActiveCfg = Debug|Any CPU
		{71FE7671-731C-4FEB-867D-5A26D9272CB7}.Debug|x64.Build.0 = Debug|Any CPU
		{71FE7671-731C-4FEB-867D-5A26D9272CB7}.Debug|x86.ActiveCfg = Debug|Any CPU
		{71FE7671-731C-4FEB-867D-5A26D9272CB7}.Debug|x86.Build.0 = Debug|Any CPU
		{71FE7671-731C-4FEB-867D-5A26D9272CB7}.Release|Any CPU.ActiveCfg = Release|Any CPU
		{71FE7671-731C-4FEB-867D-5A26D9272CB7}.Release|Any CPU.Build.0 = Release|Any CPU
		{71FE7671-731C-4FEB-867D-5A26D9272CB7}.Release|x64.ActiveCfg = Release|Any CPU
		{71FE7671-731C-4FEB-867D-5A26D9272CB7}.Release|x64.Build.0 = Release|Any CPU
		{71FE7671-731C-4FEB-867D-5A26D9272CB7}.Release|x86.ActiveCfg = Release|Any CPU
		{71FE7671-731C-4FEB-867D-5A26D9272CB7}.Release|x86.Build.0 = Release|Any CPU
		{FB453D9D-CF23-46AD-A382-23E83465800A}.Debug|Any CPU.ActiveCfg = Debug|Any CPU
		{FB453D9D-CF23-46AD-A382-23E83465800A}.Debug|Any CPU.Build.0 = Debug|Any CPU
		{FB453D9D-CF23-46AD-A382-23E83465800A}.Debug|x64.ActiveCfg = Debug|Any CPU
		{FB453D9D-CF23-46AD-A382-23E83465800A}.Debug|x64.Build.0 = Debug|Any CPU
		{FB453D9D-CF23-46AD-A382-23E83465800A}.Debug|x86.ActiveCfg = Debug|Any CPU
		{FB453D9D-CF23-46AD-A382-23E83465800A}.Debug|x86.Build.0 = Debug|Any CPU
		{FB453D9D-CF23-46AD-A382-23E83465800A}.Release|Any CPU.ActiveCfg = Release|Any CPU
		{FB453D9D-CF23-46AD-A382-23E83465800A}.Release|Any CPU.Build.0 = Release|Any CPU
		{FB453D9D-CF23-46AD-A382-23E83465800A}.Release|x64.ActiveCfg = Release|Any CPU
		{FB453D9D-CF23-46AD-A382-23E83465800A}.Release|x64.Build.0 = Release|Any CPU
		{FB453D9D-CF23-46AD-A382-23E83465800A}.Release|x86.ActiveCfg = Release|Any CPU
		{FB453D9D-CF23-46AD-A382-23E83465800A}.Release|x86.Build.0 = Release|Any CPU
		{592F0CA1-8C2B-4D53-8CEA-B53646436F37}.Debug|Any CPU.ActiveCfg = Debug|Any CPU
		{592F0CA1-8C2B-4D53-8CEA-B53646436F37}.Debug|Any CPU.Build.0 = Debug|Any CPU
		{592F0CA1-8C2B-4D53-8CEA-B53646436F37}.Debug|x64.ActiveCfg = Debug|Any CPU
		{592F0CA1-8C2B-4D53-8CEA-B53646436F37}.Debug|x64.Build.0 = Debug|Any CPU
		{592F0CA1-8C2B-4D53-8CEA-B53646436F37}.Debug|x86.ActiveCfg = Debug|Any CPU
		{592F0CA1-8C2B-4D53-8CEA-B53646436F37}.Debug|x86.Build.0 = Debug|Any CPU
		{592F0CA1-8C2B-4D53-8CEA-B53646436F37}.Release|Any CPU.ActiveCfg = Release|Any CPU
		{592F0CA1-8C2B-4D53-8CEA-B53646436F37}.Release|Any CPU.Build.0 = Release|Any CPU
		{592F0CA1-8C2B-4D53-8CEA-B53646436F37}.Release|x64.ActiveCfg = Release|Any CPU
		{592F0CA1-8C2B-4D53-8CEA-B53646436F37}.Release|x64.Build.0 = Release|Any CPU
		{592F0CA1-8C2B-4D53-8CEA-B53646436F37}.Release|x86.ActiveCfg = Release|Any CPU
		{592F0CA1-8C2B-4D53-8CEA-B53646436F37}.Release|x86.Build.0 = Release|Any CPU
		{3C0C83D3-C133-41BF-9B1E-D49FEA96C825}.Debug|Any CPU.ActiveCfg = Debug|Any CPU
		{3C0C83D3-C133-41BF-9B1E-D49FEA96C825}.Debug|Any CPU.Build.0 = Debug|Any CPU
		{3C0C83D3-C133-41BF-9B1E-D49FEA96C825}.Debug|x64.ActiveCfg = Debug|Any CPU
		{3C0C83D3-C133-41BF-9B1E-D49FEA96C825}.Debug|x64.Build.0 = Debug|Any CPU
		{3C0C83D3-C133-41BF-9B1E-D49FEA96C825}.Debug|x86.ActiveCfg = Debug|Any CPU
		{3C0C83D3-C133-41BF-9B1E-D49FEA96C825}.Debug|x86.Build.0 = Debug|Any CPU
		{3C0C83D3-C133-41BF-9B1E-D49FEA96C825}.Release|Any CPU.ActiveCfg = Release|Any CPU
		{3C0C83D3-C133-41BF-9B1E-D49FEA96C825}.Release|Any CPU.Build.0 = Release|Any CPU
		{3C0C83D3-C133-41BF-9B1E-D49FEA96C825}.Release|x64.ActiveCfg = Release|Any CPU
		{3C0C83D3-C133-41BF-9B1E-D49FEA96C825}.Release|x64.Build.0 = Release|Any CPU
		{3C0C83D3-C133-41BF-9B1E-D49FEA96C825}.Release|x86.ActiveCfg = Release|Any CPU
		{3C0C83D3-C133-41BF-9B1E-D49FEA96C825}.Release|x86.Build.0 = Release|Any CPU
		{6FCACA24-D84C-435D-98CD-D5480E59DE52}.Debug|Any CPU.ActiveCfg = Debug|Any CPU
		{6FCACA24-D84C-435D-98CD-D5480E59DE52}.Debug|Any CPU.Build.0 = Debug|Any CPU
		{6FCACA24-D84C-435D-98CD-D5480E59DE52}.Debug|x64.ActiveCfg = Debug|Any CPU
		{6FCACA24-D84C-435D-98CD-D5480E59DE52}.Debug|x64.Build.0 = Debug|Any CPU
		{6FCACA24-D84C-435D-98CD-D5480E59DE52}.Debug|x86.ActiveCfg = Debug|Any CPU
		{6FCACA24-D84C-435D-98CD-D5480E59DE52}.Debug|x86.Build.0 = Debug|Any CPU
		{6FCACA24-D84C-435D-98CD-D5480E59DE52}.Release|Any CPU.ActiveCfg = Release|Any CPU
		{6FCACA24-D84C-435D-98CD-D5480E59DE52}.Release|Any CPU.Build.0 = Release|Any CPU
		{6FCACA24-D84C-435D-98CD-D5480E59DE52}.Release|x64.ActiveCfg = Release|Any CPU
		{6FCACA24-D84C-435D-98CD-D5480E59DE52}.Release|x64.Build.0 = Release|Any CPU
		{6FCACA24-D84C-435D-98CD-D5480E59DE52}.Release|x86.ActiveCfg = Release|Any CPU
		{6FCACA24-D84C-435D-98CD-D5480E59DE52}.Release|x86.Build.0 = Release|Any CPU
		{C89368F0-63BB-413B-9BC2-C26523007524}.Debug|Any CPU.ActiveCfg = Debug|Any CPU
		{C89368F0-63BB-413B-9BC2-C26523007524}.Debug|Any CPU.Build.0 = Debug|Any CPU
		{C89368F0-63BB-413B-9BC2-C26523007524}.Debug|x64.ActiveCfg = Debug|Any CPU
		{C89368F0-63BB-413B-9BC2-C26523007524}.Debug|x64.Build.0 = Debug|Any CPU
		{C89368F0-63BB-413B-9BC2-C26523007524}.Debug|x86.ActiveCfg = Debug|Any CPU
		{C89368F0-63BB-413B-9BC2-C26523007524}.Debug|x86.Build.0 = Debug|Any CPU
		{C89368F0-63BB-413B-9BC2-C26523007524}.Release|Any CPU.ActiveCfg = Release|Any CPU
		{C89368F0-63BB-413B-9BC2-C26523007524}.Release|Any CPU.Build.0 = Release|Any CPU
		{C89368F0-63BB-413B-9BC2-C26523007524}.Release|x64.ActiveCfg = Release|Any CPU
		{C89368F0-63BB-413B-9BC2-C26523007524}.Release|x64.Build.0 = Release|Any CPU
		{C89368F0-63BB-413B-9BC2-C26523007524}.Release|x86.ActiveCfg = Release|Any CPU
		{C89368F0-63BB-413B-9BC2-C26523007524}.Release|x86.Build.0 = Release|Any CPU
		{93A8CECA-1B3F-4556-8203-1BE1F29163D8}.Debug|Any CPU.ActiveCfg = Debug|Any CPU
		{93A8CECA-1B3F-4556-8203-1BE1F29163D8}.Debug|Any CPU.Build.0 = Debug|Any CPU
		{93A8CECA-1B3F-4556-8203-1BE1F29163D8}.Debug|x64.ActiveCfg = Debug|Any CPU
		{93A8CECA-1B3F-4556-8203-1BE1F29163D8}.Debug|x64.Build.0 = Debug|Any CPU
		{93A8CECA-1B3F-4556-8203-1BE1F29163D8}.Debug|x86.ActiveCfg = Debug|Any CPU
		{93A8CECA-1B3F-4556-8203-1BE1F29163D8}.Debug|x86.Build.0 = Debug|Any CPU
		{93A8CECA-1B3F-4556-8203-1BE1F29163D8}.Release|Any CPU.ActiveCfg = Release|Any CPU
		{93A8CECA-1B3F-4556-8203-1BE1F29163D8}.Release|Any CPU.Build.0 = Release|Any CPU
		{93A8CECA-1B3F-4556-8203-1BE1F29163D8}.Release|x64.ActiveCfg = Release|Any CPU
		{93A8CECA-1B3F-4556-8203-1BE1F29163D8}.Release|x64.Build.0 = Release|Any CPU
		{93A8CECA-1B3F-4556-8203-1BE1F29163D8}.Release|x86.ActiveCfg = Release|Any CPU
		{93A8CECA-1B3F-4556-8203-1BE1F29163D8}.Release|x86.Build.0 = Release|Any CPU
		{75FA0187-3A60-4959-9C0D-51192272CF6A}.Debug|Any CPU.ActiveCfg = Debug|Any CPU
		{75FA0187-3A60-4959-9C0D-51192272CF6A}.Debug|Any CPU.Build.0 = Debug|Any CPU
		{75FA0187-3A60-4959-9C0D-51192272CF6A}.Debug|x64.ActiveCfg = Debug|Any CPU
		{75FA0187-3A60-4959-9C0D-51192272CF6A}.Debug|x64.Build.0 = Debug|Any CPU
		{75FA0187-3A60-4959-9C0D-51192272CF6A}.Debug|x86.ActiveCfg = Debug|Any CPU
		{75FA0187-3A60-4959-9C0D-51192272CF6A}.Debug|x86.Build.0 = Debug|Any CPU
		{75FA0187-3A60-4959-9C0D-51192272CF6A}.Release|Any CPU.ActiveCfg = Release|Any CPU
		{75FA0187-3A60-4959-9C0D-51192272CF6A}.Release|Any CPU.Build.0 = Release|Any CPU
		{75FA0187-3A60-4959-9C0D-51192272CF6A}.Release|x64.ActiveCfg = Release|Any CPU
		{75FA0187-3A60-4959-9C0D-51192272CF6A}.Release|x64.Build.0 = Release|Any CPU
		{75FA0187-3A60-4959-9C0D-51192272CF6A}.Release|x86.ActiveCfg = Release|Any CPU
		{75FA0187-3A60-4959-9C0D-51192272CF6A}.Release|x86.Build.0 = Release|Any CPU
		{C9921326-C958-4B59-9001-39983DB3F043}.Debug|Any CPU.ActiveCfg = Debug|Any CPU
		{C9921326-C958-4B59-9001-39983DB3F043}.Debug|Any CPU.Build.0 = Debug|Any CPU
		{C9921326-C958-4B59-9001-39983DB3F043}.Debug|x64.ActiveCfg = Debug|Any CPU
		{C9921326-C958-4B59-9001-39983DB3F043}.Debug|x64.Build.0 = Debug|Any CPU
		{C9921326-C958-4B59-9001-39983DB3F043}.Debug|x86.ActiveCfg = Debug|Any CPU
		{C9921326-C958-4B59-9001-39983DB3F043}.Debug|x86.Build.0 = Debug|Any CPU
		{C9921326-C958-4B59-9001-39983DB3F043}.Release|Any CPU.ActiveCfg = Release|Any CPU
		{C9921326-C958-4B59-9001-39983DB3F043}.Release|Any CPU.Build.0 = Release|Any CPU
		{C9921326-C958-4B59-9001-39983DB3F043}.Release|x64.ActiveCfg = Release|Any CPU
		{C9921326-C958-4B59-9001-39983DB3F043}.Release|x64.Build.0 = Release|Any CPU
		{C9921326-C958-4B59-9001-39983DB3F043}.Release|x86.ActiveCfg = Release|Any CPU
		{C9921326-C958-4B59-9001-39983DB3F043}.Release|x86.Build.0 = Release|Any CPU
		{1807B62E-40FB-4474-8873-799648F6A51F}.Debug|Any CPU.ActiveCfg = Debug|Any CPU
		{1807B62E-40FB-4474-8873-799648F6A51F}.Debug|Any CPU.Build.0 = Debug|Any CPU
		{1807B62E-40FB-4474-8873-799648F6A51F}.Debug|x64.ActiveCfg = Debug|Any CPU
		{1807B62E-40FB-4474-8873-799648F6A51F}.Debug|x64.Build.0 = Debug|Any CPU
		{1807B62E-40FB-4474-8873-799648F6A51F}.Debug|x86.ActiveCfg = Debug|Any CPU
		{1807B62E-40FB-4474-8873-799648F6A51F}.Debug|x86.Build.0 = Debug|Any CPU
		{1807B62E-40FB-4474-8873-799648F6A51F}.Release|Any CPU.ActiveCfg = Release|Any CPU
		{1807B62E-40FB-4474-8873-799648F6A51F}.Release|Any CPU.Build.0 = Release|Any CPU
		{1807B62E-40FB-4474-8873-799648F6A51F}.Release|x64.ActiveCfg = Release|Any CPU
		{1807B62E-40FB-4474-8873-799648F6A51F}.Release|x64.Build.0 = Release|Any CPU
		{1807B62E-40FB-4474-8873-799648F6A51F}.Release|x86.ActiveCfg = Release|Any CPU
		{1807B62E-40FB-4474-8873-799648F6A51F}.Release|x86.Build.0 = Release|Any CPU
		{35178EC5-60BD-4C61-A49E-C93ECA65345D}.Debug|Any CPU.ActiveCfg = Debug|Any CPU
		{35178EC5-60BD-4C61-A49E-C93ECA65345D}.Debug|Any CPU.Build.0 = Debug|Any CPU
		{35178EC5-60BD-4C61-A49E-C93ECA65345D}.Debug|x64.ActiveCfg = Debug|Any CPU
		{35178EC5-60BD-4C61-A49E-C93ECA65345D}.Debug|x64.Build.0 = Debug|Any CPU
		{35178EC5-60BD-4C61-A49E-C93ECA65345D}.Debug|x86.ActiveCfg = Debug|Any CPU
		{35178EC5-60BD-4C61-A49E-C93ECA65345D}.Debug|x86.Build.0 = Debug|Any CPU
		{35178EC5-60BD-4C61-A49E-C93ECA65345D}.Release|Any CPU.ActiveCfg = Release|Any CPU
		{35178EC5-60BD-4C61-A49E-C93ECA65345D}.Release|Any CPU.Build.0 = Release|Any CPU
		{35178EC5-60BD-4C61-A49E-C93ECA65345D}.Release|x64.ActiveCfg = Release|Any CPU
		{35178EC5-60BD-4C61-A49E-C93ECA65345D}.Release|x64.Build.0 = Release|Any CPU
		{35178EC5-60BD-4C61-A49E-C93ECA65345D}.Release|x86.ActiveCfg = Release|Any CPU
		{35178EC5-60BD-4C61-A49E-C93ECA65345D}.Release|x86.Build.0 = Release|Any CPU
		{B3A779BD-4E13-4122-8217-5E242FEBAF94}.Debug|Any CPU.ActiveCfg = Debug|Any CPU
		{B3A779BD-4E13-4122-8217-5E242FEBAF94}.Debug|Any CPU.Build.0 = Debug|Any CPU
		{B3A779BD-4E13-4122-8217-5E242FEBAF94}.Debug|x64.ActiveCfg = Debug|Any CPU
		{B3A779BD-4E13-4122-8217-5E242FEBAF94}.Debug|x64.Build.0 = Debug|Any CPU
		{B3A779BD-4E13-4122-8217-5E242FEBAF94}.Debug|x86.ActiveCfg = Debug|Any CPU
		{B3A779BD-4E13-4122-8217-5E242FEBAF94}.Debug|x86.Build.0 = Debug|Any CPU
		{B3A779BD-4E13-4122-8217-5E242FEBAF94}.Release|Any CPU.ActiveCfg = Release|Any CPU
		{B3A779BD-4E13-4122-8217-5E242FEBAF94}.Release|Any CPU.Build.0 = Release|Any CPU
		{B3A779BD-4E13-4122-8217-5E242FEBAF94}.Release|x64.ActiveCfg = Release|Any CPU
		{B3A779BD-4E13-4122-8217-5E242FEBAF94}.Release|x64.Build.0 = Release|Any CPU
		{B3A779BD-4E13-4122-8217-5E242FEBAF94}.Release|x86.ActiveCfg = Release|Any CPU
		{B3A779BD-4E13-4122-8217-5E242FEBAF94}.Release|x86.Build.0 = Release|Any CPU
		{A428BB52-A92A-4227-B8A8-47E8720B7FA1}.Debug|Any CPU.ActiveCfg = Debug|Any CPU
		{A428BB52-A92A-4227-B8A8-47E8720B7FA1}.Debug|Any CPU.Build.0 = Debug|Any CPU
		{A428BB52-A92A-4227-B8A8-47E8720B7FA1}.Debug|x64.ActiveCfg = Debug|Any CPU
		{A428BB52-A92A-4227-B8A8-47E8720B7FA1}.Debug|x64.Build.0 = Debug|Any CPU
		{A428BB52-A92A-4227-B8A8-47E8720B7FA1}.Debug|x86.ActiveCfg = Debug|Any CPU
		{A428BB52-A92A-4227-B8A8-47E8720B7FA1}.Debug|x86.Build.0 = Debug|Any CPU
		{A428BB52-A92A-4227-B8A8-47E8720B7FA1}.Release|Any CPU.ActiveCfg = Release|Any CPU
		{A428BB52-A92A-4227-B8A8-47E8720B7FA1}.Release|Any CPU.Build.0 = Release|Any CPU
		{A428BB52-A92A-4227-B8A8-47E8720B7FA1}.Release|x64.ActiveCfg = Release|Any CPU
		{A428BB52-A92A-4227-B8A8-47E8720B7FA1}.Release|x64.Build.0 = Release|Any CPU
		{A428BB52-A92A-4227-B8A8-47E8720B7FA1}.Release|x86.ActiveCfg = Release|Any CPU
		{A428BB52-A92A-4227-B8A8-47E8720B7FA1}.Release|x86.Build.0 = Release|Any CPU
		{EC8A2280-19A4-43A2-83EA-A2225038A234}.Debug|Any CPU.ActiveCfg = Debug|Any CPU
		{EC8A2280-19A4-43A2-83EA-A2225038A234}.Debug|Any CPU.Build.0 = Debug|Any CPU
		{EC8A2280-19A4-43A2-83EA-A2225038A234}.Debug|x64.ActiveCfg = Debug|Any CPU
		{EC8A2280-19A4-43A2-83EA-A2225038A234}.Debug|x64.Build.0 = Debug|Any CPU
		{EC8A2280-19A4-43A2-83EA-A2225038A234}.Debug|x86.ActiveCfg = Debug|Any CPU
		{EC8A2280-19A4-43A2-83EA-A2225038A234}.Debug|x86.Build.0 = Debug|Any CPU
		{EC8A2280-19A4-43A2-83EA-A2225038A234}.Release|Any CPU.ActiveCfg = Release|Any CPU
		{EC8A2280-19A4-43A2-83EA-A2225038A234}.Release|Any CPU.Build.0 = Release|Any CPU
		{EC8A2280-19A4-43A2-83EA-A2225038A234}.Release|x64.ActiveCfg = Release|Any CPU
		{EC8A2280-19A4-43A2-83EA-A2225038A234}.Release|x64.Build.0 = Release|Any CPU
		{EC8A2280-19A4-43A2-83EA-A2225038A234}.Release|x86.ActiveCfg = Release|Any CPU
		{EC8A2280-19A4-43A2-83EA-A2225038A234}.Release|x86.Build.0 = Release|Any CPU
		{20A788EC-77D4-4336-AB38-C5F85FF2916B}.Debug|Any CPU.ActiveCfg = Debug|Any CPU
		{20A788EC-77D4-4336-AB38-C5F85FF2916B}.Debug|Any CPU.Build.0 = Debug|Any CPU
		{20A788EC-77D4-4336-AB38-C5F85FF2916B}.Debug|x64.ActiveCfg = Debug|Any CPU
		{20A788EC-77D4-4336-AB38-C5F85FF2916B}.Debug|x64.Build.0 = Debug|Any CPU
		{20A788EC-77D4-4336-AB38-C5F85FF2916B}.Debug|x86.ActiveCfg = Debug|Any CPU
		{20A788EC-77D4-4336-AB38-C5F85FF2916B}.Debug|x86.Build.0 = Debug|Any CPU
		{20A788EC-77D4-4336-AB38-C5F85FF2916B}.Release|Any CPU.ActiveCfg = Release|Any CPU
		{20A788EC-77D4-4336-AB38-C5F85FF2916B}.Release|Any CPU.Build.0 = Release|Any CPU
		{20A788EC-77D4-4336-AB38-C5F85FF2916B}.Release|x64.ActiveCfg = Release|Any CPU
		{20A788EC-77D4-4336-AB38-C5F85FF2916B}.Release|x64.Build.0 = Release|Any CPU
		{20A788EC-77D4-4336-AB38-C5F85FF2916B}.Release|x86.ActiveCfg = Release|Any CPU
		{20A788EC-77D4-4336-AB38-C5F85FF2916B}.Release|x86.Build.0 = Release|Any CPU
		{B2889456-EED2-42C1-8A92-0C94F772BD6F}.Debug|Any CPU.ActiveCfg = Debug|Any CPU
		{B2889456-EED2-42C1-8A92-0C94F772BD6F}.Debug|Any CPU.Build.0 = Debug|Any CPU
		{B2889456-EED2-42C1-8A92-0C94F772BD6F}.Debug|x64.ActiveCfg = Debug|Any CPU
		{B2889456-EED2-42C1-8A92-0C94F772BD6F}.Debug|x64.Build.0 = Debug|Any CPU
		{B2889456-EED2-42C1-8A92-0C94F772BD6F}.Debug|x86.ActiveCfg = Debug|Any CPU
		{B2889456-EED2-42C1-8A92-0C94F772BD6F}.Debug|x86.Build.0 = Debug|Any CPU
		{B2889456-EED2-42C1-8A92-0C94F772BD6F}.Release|Any CPU.ActiveCfg = Release|Any CPU
		{B2889456-EED2-42C1-8A92-0C94F772BD6F}.Release|Any CPU.Build.0 = Release|Any CPU
		{B2889456-EED2-42C1-8A92-0C94F772BD6F}.Release|x64.ActiveCfg = Release|Any CPU
		{B2889456-EED2-42C1-8A92-0C94F772BD6F}.Release|x64.Build.0 = Release|Any CPU
		{B2889456-EED2-42C1-8A92-0C94F772BD6F}.Release|x86.ActiveCfg = Release|Any CPU
		{B2889456-EED2-42C1-8A92-0C94F772BD6F}.Release|x86.Build.0 = Release|Any CPU
		{18B29CF9-249C-44CD-B4BB-A8DA3DEB810A}.Debug|Any CPU.ActiveCfg = Debug|Any CPU
		{18B29CF9-249C-44CD-B4BB-A8DA3DEB810A}.Debug|Any CPU.Build.0 = Debug|Any CPU
		{18B29CF9-249C-44CD-B4BB-A8DA3DEB810A}.Debug|x64.ActiveCfg = Debug|Any CPU
		{18B29CF9-249C-44CD-B4BB-A8DA3DEB810A}.Debug|x64.Build.0 = Debug|Any CPU
		{18B29CF9-249C-44CD-B4BB-A8DA3DEB810A}.Debug|x86.ActiveCfg = Debug|Any CPU
		{18B29CF9-249C-44CD-B4BB-A8DA3DEB810A}.Debug|x86.Build.0 = Debug|Any CPU
		{18B29CF9-249C-44CD-B4BB-A8DA3DEB810A}.Release|Any CPU.ActiveCfg = Release|Any CPU
		{18B29CF9-249C-44CD-B4BB-A8DA3DEB810A}.Release|Any CPU.Build.0 = Release|Any CPU
		{18B29CF9-249C-44CD-B4BB-A8DA3DEB810A}.Release|x64.ActiveCfg = Release|Any CPU
		{18B29CF9-249C-44CD-B4BB-A8DA3DEB810A}.Release|x64.Build.0 = Release|Any CPU
		{18B29CF9-249C-44CD-B4BB-A8DA3DEB810A}.Release|x86.ActiveCfg = Release|Any CPU
		{18B29CF9-249C-44CD-B4BB-A8DA3DEB810A}.Release|x86.Build.0 = Release|Any CPU
	EndGlobalSection
	GlobalSection(SolutionProperties) = preSolution
		HideSolutionNode = FALSE
	EndGlobalSection
	GlobalSection(NestedProjects) = preSolution
		{90298CBA-BD6F-3A0A-69D5-97CAD7B05E7E} = {827E0CD3-B72D-47B6-A68D-7590B98EB39B}
		{AA50FD02-CCFF-49C5-88EF-3E3D61AC1EC3} = {90298CBA-BD6F-3A0A-69D5-97CAD7B05E7E}
		{74D704CF-7D05-4F44-9E1B-E26400482DF5} = {90298CBA-BD6F-3A0A-69D5-97CAD7B05E7E}
		{CBE535C5-B51A-60E9-4D99-AC1BFAA908A1} = {827E0CD3-B72D-47B6-A68D-7590B98EB39B}
		{5440AA58-DA64-4F25-88CE-01753BBDDB75} = {CBE535C5-B51A-60E9-4D99-AC1BFAA908A1}
		{8B260A08-A83E-5A86-27DB-EBC08B683631} = {827E0CD3-B72D-47B6-A68D-7590B98EB39B}
		{A13B7444-8C8B-450B-A547-CF586B2767AE} = {8B260A08-A83E-5A86-27DB-EBC08B683631}
		{984BB9B3-3FA3-BE33-9484-CAC21695A33C} = {827E0CD3-B72D-47B6-A68D-7590B98EB39B}
		{0194355B-C2D2-F4B0-B2EC-67C0A47B9BA5} = {984BB9B3-3FA3-BE33-9484-CAC21695A33C}
		{E14CC9A3-01A8-44DD-9092-D416D70B57C7} = {0194355B-C2D2-F4B0-B2EC-67C0A47B9BA5}
		{530C5AE5-2E47-4207-95FF-E859592C067C} = {0194355B-C2D2-F4B0-B2EC-67C0A47B9BA5}
		{08170089-9314-430C-8F96-B68875CA1D41} = {0194355B-C2D2-F4B0-B2EC-67C0A47B9BA5}
		{D3B03924-5C18-499C-9CFC-014B1A316A64} = {0194355B-C2D2-F4B0-B2EC-67C0A47B9BA5}
		{CA15E31E-CB60-F235-5CDF-2E527A86A72C} = {984BB9B3-3FA3-BE33-9484-CAC21695A33C}
		{AD564323-CB0B-4796-B0E8-4D824C072D53} = {CA15E31E-CB60-F235-5CDF-2E527A86A72C}
		{0453EADB-9477-4A21-AB82-247D08B18AF6} = {CA15E31E-CB60-F235-5CDF-2E527A86A72C}
		{296186D0-7D38-47C5-98B0-E30DDCD0CF06} = {CA15E31E-CB60-F235-5CDF-2E527A86A72C}
		{71FE7671-731C-4FEB-867D-5A26D9272CB7} = {CA15E31E-CB60-F235-5CDF-2E527A86A72C}
		{D3BAB01C-7F3F-8576-96BE-8BE70C9B9915} = {984BB9B3-3FA3-BE33-9484-CAC21695A33C}
		{FB453D9D-CF23-46AD-A382-23E83465800A} = {D3BAB01C-7F3F-8576-96BE-8BE70C9B9915}
		{592F0CA1-8C2B-4D53-8CEA-B53646436F37} = {D3BAB01C-7F3F-8576-96BE-8BE70C9B9915}
		{3C0C83D3-C133-41BF-9B1E-D49FEA96C825} = {D3BAB01C-7F3F-8576-96BE-8BE70C9B9915}
		{6FCACA24-D84C-435D-98CD-D5480E59DE52} = {D3BAB01C-7F3F-8576-96BE-8BE70C9B9915}
		{5D0AC027-C8EE-3244-A029-36278C99F1B8} = {984BB9B3-3FA3-BE33-9484-CAC21695A33C}
		{C89368F0-63BB-413B-9BC2-C26523007524} = {5D0AC027-C8EE-3244-A029-36278C99F1B8}
		{93A8CECA-1B3F-4556-8203-1BE1F29163D8} = {5D0AC027-C8EE-3244-A029-36278C99F1B8}
		{75FA0187-3A60-4959-9C0D-51192272CF6A} = {5D0AC027-C8EE-3244-A029-36278C99F1B8}
		{C9921326-C958-4B59-9001-39983DB3F043} = {5D0AC027-C8EE-3244-A029-36278C99F1B8}
		{1807B62E-40FB-4474-8873-799648F6A51F} = {0AB3BF05-4346-4AA6-1389-037BE0695223}
		{35178EC5-60BD-4C61-A49E-C93ECA65345D} = {0AB3BF05-4346-4AA6-1389-037BE0695223}
		{B3A779BD-4E13-4122-8217-5E242FEBAF94} = {0AB3BF05-4346-4AA6-1389-037BE0695223}
		{A428BB52-A92A-4227-B8A8-47E8720B7FA1} = {0AB3BF05-4346-4AA6-1389-037BE0695223}
		{EC8A2280-19A4-43A2-83EA-A2225038A234} = {0AB3BF05-4346-4AA6-1389-037BE0695223}
		{20A788EC-77D4-4336-AB38-C5F85FF2916B} = {0AB3BF05-4346-4AA6-1389-037BE0695223}
		{DC6F9795-30FC-95C7-F04A-414572770EC8} = {984BB9B3-3FA3-BE33-9484-CAC21695A33C}
		{B2889456-EED2-42C1-8A92-0C94F772BD6F} = {DC6F9795-30FC-95C7-F04A-414572770EC8}
		{18B29CF9-249C-44CD-B4BB-A8DA3DEB810A} = {90298CBA-BD6F-3A0A-69D5-97CAD7B05E7E}
	EndGlobalSection
EndGlobal
